
Microsoft Visual Studio Solution File, Format Version 12.00
# Visual Studio 15
VisualStudioVersion = 15.0.28307.168
MinimumVisualStudioVersion = 10.0.40219.1
Project("{FAE04EC0-301F-11D3-BF4B-00C04F79EFBC}") = "DotNetCoreConsole", "DotNetCoreConsole\DotNetCoreConsole.csproj", "{2F1212A2-DD1E-4120-A702-5F67FA77F172}"
EndProject
Global
	GlobalSection(SolutionConfigurationPlatforms) = preSolution
		Debug|Any CPU = Debug|Any CPU
		Release|Any CPU = Release|Any CPU
	EndGlobalSection
	GlobalSection(ProjectConfigurationPlatforms) = postSolution
		{2F1212A2-DD1E-4120-A702-5F67FA77F172}.Debug|Any CPU.ActiveCfg = Debug|Any CPU
		{2F1212A2-DD1E-4120-A702-5F67FA77F172}.Debug|Any CPU.Build.0 = Debug|Any CPU
		{2F1212A2-DD1E-4120-A702-5F67FA77F172}.Release|Any CPU.ActiveCfg = Release|Any CPU
		{2F1212A2-DD1E-4120-A702-5F67FA77F172}.Release|Any CPU.Build.0 = Release|Any CPU
	EndGlobalSection
	GlobalSection(SolutionProperties) = preSolution
		HideSolutionNode = FALSE
	EndGlobalSection
	GlobalSection(ExtensibilityGlobals) = postSolution
		SolutionGuid = {2F8AC84F-30BA-4F51-A46C-2C8B1B13FFE4}
	EndGlobalSection
EndGlobal
